// !$*UTF8*$!
{
	archiveVersion = 1;
	classes = {
	};
	objectVersion = 55;
	objects = {

/* Begin PBXBuildFile section */
		CE125C7F282EEEBF007BB100 /* TestExtensions.swift in Sources */ = {isa = PBXBuildFile; fileRef = CE125C7E282EEEBF007BB100 /* TestExtensions.swift */; };
		CE125C81282EEF14007BB100 /* TestFactories.swift in Sources */ = {isa = PBXBuildFile; fileRef = CE125C80282EEF14007BB100 /* TestFactories.swift */; };
		CE125C84282EEFA0007BB100 /* HttpClientSpy.swift in Sources */ = {isa = PBXBuildFile; fileRef = CE125C83282EEFA0007BB100 /* HttpClientSpy.swift */; };
		CE125C86282EEFF5007BB100 /* AccountModelFactory.swift in Sources */ = {isa = PBXBuildFile; fileRef = CE125C85282EEFF5007BB100 /* AccountModelFactory.swift */; };
		CE57232A283294C700C62119 /* infra.framework in Frameworks */ = {isa = PBXBuildFile; fileRef = CE572322283294C600C62119 /* infra.framework */; };
		CE57232F283294C700C62119 /* AlamoFireAdapterTests.swift in Sources */ = {isa = PBXBuildFile; fileRef = CE57232E283294C700C62119 /* AlamoFireAdapterTests.swift */; };
		CEBB06D528244D1A00C17E6F /* AddAccount.swift in Sources */ = {isa = PBXBuildFile; fileRef = CEBB06D428244D1A00C17E6F /* AddAccount.swift */; };
		CEBB06D728244EA900C17E6F /* AccountModel.swift in Sources */ = {isa = PBXBuildFile; fileRef = CEBB06D628244EA900C17E6F /* AccountModel.swift */; };
		CEBB06E528244EF300C17E6F /* Data.framework in Frameworks */ = {isa = PBXBuildFile; fileRef = CEBB06DD28244EF300C17E6F /* Data.framework */; };
		CEBB06EA28244EF300C17E6F /* RemoteAddAccountTests.swift in Sources */ = {isa = PBXBuildFile; fileRef = CEBB06E928244EF300C17E6F /* RemoteAddAccountTests.swift */; };
		CEBB06F32824515900C17E6F /* Domain.framework in Frameworks */ = {isa = PBXBuildFile; fileRef = CEBB06CB282449AC00C17E6F /* Domain.framework */; };
		CEBB06F42824515900C17E6F /* Domain.framework in Embed Frameworks */ = {isa = PBXBuildFile; fileRef = CEBB06CB282449AC00C17E6F /* Domain.framework */; settings = {ATTRIBUTES = (CodeSignOnCopy, RemoveHeadersOnCopy, ); }; };
		CEBB06F92824815400C17E6F /* Model.swift in Sources */ = {isa = PBXBuildFile; fileRef = CEBB06F82824815400C17E6F /* Model.swift */; };
		CEBB06FB2824832900C17E6F /* RemoteAddAccount.swift in Sources */ = {isa = PBXBuildFile; fileRef = CEBB06FA2824832900C17E6F /* RemoteAddAccount.swift */; };
		CEBB06FD2824838B00C17E6F /* HttpsPostClient.swift in Sources */ = {isa = PBXBuildFile; fileRef = CEBB06FC2824838B00C17E6F /* HttpsPostClient.swift */; };
		CEBB07062825BE6100C17E6F /* DomainErrors.swift in Sources */ = {isa = PBXBuildFile; fileRef = CEBB07052825BE6100C17E6F /* DomainErrors.swift */; };
		CEBB07082825C17500C17E6F /* HttpError.swift in Sources */ = {isa = PBXBuildFile; fileRef = CEBB07072825C17500C17E6F /* HttpError.swift */; };
		CEF8483C282D8FA200B45637 /* ExtensionHelpers.swift in Sources */ = {isa = PBXBuildFile; fileRef = CEF8483B282D8FA200B45637 /* ExtensionHelpers.swift */; };
/* End PBXBuildFile section */

/* Begin PBXContainerItemProxy section */
		CE57232B283294C700C62119 /* PBXContainerItemProxy */ = {
			isa = PBXContainerItemProxy;
			containerPortal = CEBB06B328242AF800C17E6F /* Project object */;
			proxyType = 1;
			remoteGlobalIDString = CE572321283294C600C62119;
			remoteInfo = infra;
		};
		CEBB06E628244EF300C17E6F /* PBXContainerItemProxy */ = {
			isa = PBXContainerItemProxy;
			containerPortal = CEBB06B328242AF800C17E6F /* Project object */;
			proxyType = 1;
			remoteGlobalIDString = CEBB06DC28244EF300C17E6F;
			remoteInfo = Data;
		};
		CEBB06F52824515900C17E6F /* PBXContainerItemProxy */ = {
			isa = PBXContainerItemProxy;
			containerPortal = CEBB06B328242AF800C17E6F /* Project object */;
			proxyType = 1;
			remoteGlobalIDString = CEBB06CA282449AC00C17E6F;
			remoteInfo = Domain;
		};
/* End PBXContainerItemProxy section */

/* Begin PBXCopyFilesBuildPhase section */
		CEBB06F72824515900C17E6F /* Embed Frameworks */ = {
			isa = PBXCopyFilesBuildPhase;
			buildActionMask = 2147483647;
			dstPath = "";
			dstSubfolderSpec = 10;
			files = (
				CEBB06F42824515900C17E6F /* Domain.framework in Embed Frameworks */,
			);
			name = "Embed Frameworks";
			runOnlyForDeploymentPostprocessing = 0;
		};
/* End PBXCopyFilesBuildPhase section */

/* Begin PBXFileReference section */
		CE125C7E282EEEBF007BB100 /* TestExtensions.swift */ = {isa = PBXFileReference; lastKnownFileType = sourcecode.swift; path = TestExtensions.swift; sourceTree = "<group>"; };
		CE125C80282EEF14007BB100 /* TestFactories.swift */ = {isa = PBXFileReference; lastKnownFileType = sourcecode.swift; path = TestFactories.swift; sourceTree = "<group>"; };
		CE125C83282EEFA0007BB100 /* HttpClientSpy.swift */ = {isa = PBXFileReference; lastKnownFileType = sourcecode.swift; path = HttpClientSpy.swift; sourceTree = "<group>"; };
		CE125C85282EEFF5007BB100 /* AccountModelFactory.swift */ = {isa = PBXFileReference; lastKnownFileType = sourcecode.swift; path = AccountModelFactory.swift; sourceTree = "<group>"; };
		CE572322283294C600C62119 /* infra.framework */ = {isa = PBXFileReference; explicitFileType = wrapper.framework; includeInIndex = 0; path = infra.framework; sourceTree = BUILT_PRODUCTS_DIR; };
		CE572329283294C700C62119 /* infraTests.xctest */ = {isa = PBXFileReference; explicitFileType = wrapper.cfbundle; includeInIndex = 0; path = infraTests.xctest; sourceTree = BUILT_PRODUCTS_DIR; };
		CE57232E283294C700C62119 /* AlamoFireAdapterTests.swift */ = {isa = PBXFileReference; lastKnownFileType = sourcecode.swift; path = AlamoFireAdapterTests.swift; sourceTree = "<group>"; };
		CEBB06CB282449AC00C17E6F /* Domain.framework */ = {isa = PBXFileReference; explicitFileType = wrapper.framework; includeInIndex = 0; path = Domain.framework; sourceTree = BUILT_PRODUCTS_DIR; };
		CEBB06D428244D1A00C17E6F /* AddAccount.swift */ = {isa = PBXFileReference; lastKnownFileType = sourcecode.swift; path = AddAccount.swift; sourceTree = "<group>"; };
		CEBB06D628244EA900C17E6F /* AccountModel.swift */ = {isa = PBXFileReference; lastKnownFileType = sourcecode.swift; path = AccountModel.swift; sourceTree = "<group>"; };
		CEBB06DD28244EF300C17E6F /* Data.framework */ = {isa = PBXFileReference; explicitFileType = wrapper.framework; includeInIndex = 0; path = Data.framework; sourceTree = BUILT_PRODUCTS_DIR; };
		CEBB06E428244EF300C17E6F /* DataTests.xctest */ = {isa = PBXFileReference; explicitFileType = wrapper.cfbundle; includeInIndex = 0; path = DataTests.xctest; sourceTree = BUILT_PRODUCTS_DIR; };
		CEBB06E928244EF300C17E6F /* RemoteAddAccountTests.swift */ = {isa = PBXFileReference; lastKnownFileType = sourcecode.swift; path = RemoteAddAccountTests.swift; sourceTree = "<group>"; };
		CEBB06F82824815400C17E6F /* Model.swift */ = {isa = PBXFileReference; lastKnownFileType = sourcecode.swift; path = Model.swift; sourceTree = "<group>"; };
		CEBB06FA2824832900C17E6F /* RemoteAddAccount.swift */ = {isa = PBXFileReference; lastKnownFileType = sourcecode.swift; path = RemoteAddAccount.swift; sourceTree = "<group>"; };
		CEBB06FC2824838B00C17E6F /* HttpsPostClient.swift */ = {isa = PBXFileReference; lastKnownFileType = sourcecode.swift; path = HttpsPostClient.swift; sourceTree = "<group>"; };
		CEBB07052825BE6100C17E6F /* DomainErrors.swift */ = {isa = PBXFileReference; lastKnownFileType = sourcecode.swift; path = DomainErrors.swift; sourceTree = "<group>"; };
		CEBB07072825C17500C17E6F /* HttpError.swift */ = {isa = PBXFileReference; lastKnownFileType = sourcecode.swift; path = HttpError.swift; sourceTree = "<group>"; };
		CEF8483B282D8FA200B45637 /* ExtensionHelpers.swift */ = {isa = PBXFileReference; lastKnownFileType = sourcecode.swift; path = ExtensionHelpers.swift; sourceTree = "<group>"; };
/* End PBXFileReference section */

/* Begin PBXFrameworksBuildPhase section */
		CE57231F283294C600C62119 /* Frameworks */ = {
			isa = PBXFrameworksBuildPhase;
			buildActionMask = 2147483647;
			files = (
			);
			runOnlyForDeploymentPostprocessing = 0;
		};
		CE572326283294C700C62119 /* Frameworks */ = {
			isa = PBXFrameworksBuildPhase;
			buildActionMask = 2147483647;
			files = (
				CE57232A283294C700C62119 /* infra.framework in Frameworks */,
			);
			runOnlyForDeploymentPostprocessing = 0;
		};
		CEBB06C8282449AC00C17E6F /* Frameworks */ = {
			isa = PBXFrameworksBuildPhase;
			buildActionMask = 2147483647;
			files = (
			);
			runOnlyForDeploymentPostprocessing = 0;
		};
		CEBB06DA28244EF300C17E6F /* Frameworks */ = {
			isa = PBXFrameworksBuildPhase;
			buildActionMask = 2147483647;
			files = (
				CEBB06F32824515900C17E6F /* Domain.framework in Frameworks */,
			);
			runOnlyForDeploymentPostprocessing = 0;
		};
		CEBB06E128244EF300C17E6F /* Frameworks */ = {
			isa = PBXFrameworksBuildPhase;
			buildActionMask = 2147483647;
			files = (
				CEBB06E528244EF300C17E6F /* Data.framework in Frameworks */,
			);
			runOnlyForDeploymentPostprocessing = 0;
		};
/* End PBXFrameworksBuildPhase section */

/* Begin PBXGroup section */
		CE125C7D282EEE82007BB100 /* Helpers */ = {
			isa = PBXGroup;
			children = (
				CE125C7E282EEEBF007BB100 /* TestExtensions.swift */,
				CE125C80282EEF14007BB100 /* TestFactories.swift */,
				CE125C85282EEFF5007BB100 /* AccountModelFactory.swift */,
			);
			path = Helpers;
			sourceTree = "<group>";
		};
		CE125C82282EEF60007BB100 /* Http */ = {
			isa = PBXGroup;
			children = (
				CE125C83282EEFA0007BB100 /* HttpClientSpy.swift */,
			);
			path = Http;
			sourceTree = "<group>";
		};
		CE572323283294C600C62119 /* infra */ = {
			isa = PBXGroup;
			children = (
			);
			path = infra;
			sourceTree = "<group>";
		};
		CE57232D283294C700C62119 /* infraTests */ = {
			isa = PBXGroup;
			children = (
				CE57232E283294C700C62119 /* AlamoFireAdapterTests.swift */,
			);
			path = infraTests;
			sourceTree = "<group>";
		};
		CEBB06B228242AF800C17E6F = {
			isa = PBXGroup;
			children = (
				CEBB06CC282449AC00C17E6F /* Domain */,
				CEBB06DE28244EF300C17E6F /* Data */,
				CEBB06E828244EF300C17E6F /* DataTests */,
				CE572323283294C600C62119 /* infra */,
				CE57232D283294C700C62119 /* infraTests */,
				CEBB06BD28242AF800C17E6F /* Products */,
				CEBB06F22824515900C17E6F /* Frameworks */,
			);
			sourceTree = "<group>";
		};
		CEBB06BD28242AF800C17E6F /* Products */ = {
			isa = PBXGroup;
			children = (
				CEBB06CB282449AC00C17E6F /* Domain.framework */,
				CEBB06DD28244EF300C17E6F /* Data.framework */,
				CEBB06E428244EF300C17E6F /* DataTests.xctest */,
				CE572322283294C600C62119 /* infra.framework */,
				CE572329283294C700C62119 /* infraTests.xctest */,
			);
			name = Products;
			sourceTree = "<group>";
		};
		CEBB06CC282449AC00C17E6F /* Domain */ = {
			isa = PBXGroup;
			children = (
				CEBB06FE282484FB00C17E6F /* UseCases */,
				CEBB06FF2824852400C17E6F /* Models */,
				CEBB07042825BE3D00C17E6F /* Errors */,
			);
			path = Domain;
			sourceTree = "<group>";
		};
		CEBB06DE28244EF300C17E6F /* Data */ = {
			isa = PBXGroup;
			children = (
				CEF8483A282D8F8300B45637 /* Helpers */,
				CEBB07002824853C00C17E6F /* UseCases */,
				CEBB0702282485D200C17E6F /* Http */,
			);
			path = Data;
			sourceTree = "<group>";
		};
		CEBB06E828244EF300C17E6F /* DataTests */ = {
			isa = PBXGroup;
			children = (
				CE125C7D282EEE82007BB100 /* Helpers */,
				CEBB0703282485E400C17E6F /* UseCases */,
				CE125C82282EEF60007BB100 /* Http */,
			);
			path = DataTests;
			sourceTree = "<group>";
		};
		CEBB06F22824515900C17E6F /* Frameworks */ = {
			isa = PBXGroup;
			children = (
			);
			name = Frameworks;
			sourceTree = "<group>";
		};
		CEBB06FE282484FB00C17E6F /* UseCases */ = {
			isa = PBXGroup;
			children = (
				CEBB06D428244D1A00C17E6F /* AddAccount.swift */,
			);
			path = UseCases;
			sourceTree = "<group>";
		};
		CEBB06FF2824852400C17E6F /* Models */ = {
			isa = PBXGroup;
			children = (
				CEBB06D628244EA900C17E6F /* AccountModel.swift */,
				CEBB06F82824815400C17E6F /* Model.swift */,
			);
			path = Models;
			sourceTree = "<group>";
		};
		CEBB07002824853C00C17E6F /* UseCases */ = {
			isa = PBXGroup;
			children = (
				CEBB06FA2824832900C17E6F /* RemoteAddAccount.swift */,
			);
			path = UseCases;
			sourceTree = "<group>";
		};
		CEBB0702282485D200C17E6F /* Http */ = {
			isa = PBXGroup;
			children = (
				CEBB06FC2824838B00C17E6F /* HttpsPostClient.swift */,
				CEBB07072825C17500C17E6F /* HttpError.swift */,
			);
			path = Http;
			sourceTree = "<group>";
		};
		CEBB0703282485E400C17E6F /* UseCases */ = {
			isa = PBXGroup;
			children = (
				CEBB06E928244EF300C17E6F /* RemoteAddAccountTests.swift */,
			);
			path = UseCases;
			sourceTree = "<group>";
		};
		CEBB07042825BE3D00C17E6F /* Errors */ = {
			isa = PBXGroup;
			children = (
				CEBB07052825BE6100C17E6F /* DomainErrors.swift */,
			);
			path = Errors;
			sourceTree = "<group>";
		};
		CEF8483A282D8F8300B45637 /* Helpers */ = {
			isa = PBXGroup;
			children = (
				CEF8483B282D8FA200B45637 /* ExtensionHelpers.swift */,
			);
			path = Helpers;
			sourceTree = "<group>";
		};
/* End PBXGroup section */

/* Begin PBXHeadersBuildPhase section */
		CE57231D283294C600C62119 /* Headers */ = {
			isa = PBXHeadersBuildPhase;
			buildActionMask = 2147483647;
			files = (
			);
			runOnlyForDeploymentPostprocessing = 0;
		};
		CEBB06C6282449AC00C17E6F /* Headers */ = {
			isa = PBXHeadersBuildPhase;
			buildActionMask = 2147483647;
			files = (
			);
			runOnlyForDeploymentPostprocessing = 0;
		};
		CEBB06D828244EF300C17E6F /* Headers */ = {
			isa = PBXHeadersBuildPhase;
			buildActionMask = 2147483647;
			files = (
			);
			runOnlyForDeploymentPostprocessing = 0;
		};
/* End PBXHeadersBuildPhase section */

/* Begin PBXNativeTarget section */
		CE572321283294C600C62119 /* infra */ = {
			isa = PBXNativeTarget;
			buildConfigurationList = CE572335283294C700C62119 /* Build configuration list for PBXNativeTarget "infra" */;
			buildPhases = (
				CE57231D283294C600C62119 /* Headers */,
				CE57231E283294C600C62119 /* Sources */,
				CE57231F283294C600C62119 /* Frameworks */,
				CE572320283294C600C62119 /* Resources */,
			);
			buildRules = (
			);
			dependencies = (
			);
			name = infra;
			productName = infra;
			productReference = CE572322283294C600C62119 /* infra.framework */;
			productType = "com.apple.product-type.framework";
		};
		CE572328283294C700C62119 /* infraTests */ = {
			isa = PBXNativeTarget;
			buildConfigurationList = CE572336283294C700C62119 /* Build configuration list for PBXNativeTarget "infraTests" */;
			buildPhases = (
				CE572325283294C700C62119 /* Sources */,
				CE572326283294C700C62119 /* Frameworks */,
				CE572327283294C700C62119 /* Resources */,
			);
			buildRules = (
			);
			dependencies = (
				CE57232C283294C700C62119 /* PBXTargetDependency */,
			);
			name = infraTests;
			productName = infraTests;
			productReference = CE572329283294C700C62119 /* infraTests.xctest */;
			productType = "com.apple.product-type.bundle.unit-test";
		};
		CEBB06CA282449AC00C17E6F /* Domain */ = {
			isa = PBXNativeTarget;
			buildConfigurationList = CEBB06CF282449AC00C17E6F /* Build configuration list for PBXNativeTarget "Domain" */;
			buildPhases = (
				CEBB06C6282449AC00C17E6F /* Headers */,
				CEBB06C7282449AC00C17E6F /* Sources */,
				CEBB06C8282449AC00C17E6F /* Frameworks */,
				CEBB06C9282449AC00C17E6F /* Resources */,
			);
			buildRules = (
			);
			dependencies = (
			);
			name = Domain;
			productName = Domain;
			productReference = CEBB06CB282449AC00C17E6F /* Domain.framework */;
			productType = "com.apple.product-type.framework";
		};
		CEBB06DC28244EF300C17E6F /* Data */ = {
			isa = PBXNativeTarget;
			buildConfigurationList = CEBB06EC28244EF300C17E6F /* Build configuration list for PBXNativeTarget "Data" */;
			buildPhases = (
				CEBB06D828244EF300C17E6F /* Headers */,
				CEBB06D928244EF300C17E6F /* Sources */,
				CEBB06DA28244EF300C17E6F /* Frameworks */,
				CEBB06DB28244EF300C17E6F /* Resources */,
				CEBB06F72824515900C17E6F /* Embed Frameworks */,
			);
			buildRules = (
			);
			dependencies = (
				CEBB06F62824515900C17E6F /* PBXTargetDependency */,
			);
			name = Data;
			productName = Data;
			productReference = CEBB06DD28244EF300C17E6F /* Data.framework */;
			productType = "com.apple.product-type.framework";
		};
		CEBB06E328244EF300C17E6F /* DataTests */ = {
			isa = PBXNativeTarget;
			buildConfigurationList = CEBB06EF28244EF300C17E6F /* Build configuration list for PBXNativeTarget "DataTests" */;
			buildPhases = (
				CEBB06E028244EF300C17E6F /* Sources */,
				CEBB06E128244EF300C17E6F /* Frameworks */,
				CEBB06E228244EF300C17E6F /* Resources */,
			);
			buildRules = (
			);
			dependencies = (
				CEBB06E728244EF300C17E6F /* PBXTargetDependency */,
			);
			name = DataTests;
			productName = DataTests;
			productReference = CEBB06E428244EF300C17E6F /* DataTests.xctest */;
			productType = "com.apple.product-type.bundle.unit-test";
		};
/* End PBXNativeTarget section */

/* Begin PBXProject section */
		CEBB06B328242AF800C17E6F /* Project object */ = {
			isa = PBXProject;
			attributes = {
				BuildIndependentTargetsInParallel = 1;
				LastSwiftUpdateCheck = 1330;
				LastUpgradeCheck = 1330;
				TargetAttributes = {
					CE572321283294C600C62119 = {
						CreatedOnToolsVersion = 13.3.1;
					};
					CE572328283294C700C62119 = {
						CreatedOnToolsVersion = 13.3.1;
					};
					CEBB06CA282449AC00C17E6F = {
						CreatedOnToolsVersion = 13.3.1;
						LastSwiftMigration = 1330;
					};
					CEBB06DC28244EF300C17E6F = {
						CreatedOnToolsVersion = 13.3.1;
						LastSwiftMigration = 1330;
					};
					CEBB06E328244EF300C17E6F = {
						CreatedOnToolsVersion = 13.3.1;
					};
				};
			};
			buildConfigurationList = CEBB06B628242AF800C17E6F /* Build configuration list for PBXProject "CleanApp" */;
			compatibilityVersion = "Xcode 13.0";
			developmentRegion = en;
			hasScannedForEncodings = 0;
			knownRegions = (
				en,
				Base,
			);
			mainGroup = CEBB06B228242AF800C17E6F;
			productRefGroup = CEBB06BD28242AF800C17E6F /* Products */;
			projectDirPath = "";
			projectRoot = "";
			targets = (
				CEBB06CA282449AC00C17E6F /* Domain */,
				CEBB06DC28244EF300C17E6F /* Data */,
				CEBB06E328244EF300C17E6F /* DataTests */,
				CE572321283294C600C62119 /* infra */,
				CE572328283294C700C62119 /* infraTests */,
			);
		};
/* End PBXProject section */

/* Begin PBXResourcesBuildPhase section */
		CE572320283294C600C62119 /* Resources */ = {
			isa = PBXResourcesBuildPhase;
			buildActionMask = 2147483647;
			files = (
			);
			runOnlyForDeploymentPostprocessing = 0;
		};
		CE572327283294C700C62119 /* Resources */ = {
			isa = PBXResourcesBuildPhase;
			buildActionMask = 2147483647;
			files = (
			);
			runOnlyForDeploymentPostprocessing = 0;
		};
		CEBB06C9282449AC00C17E6F /* Resources */ = {
			isa = PBXResourcesBuildPhase;
			buildActionMask = 2147483647;
			files = (
			);
			runOnlyForDeploymentPostprocessing = 0;
		};
		CEBB06DB28244EF300C17E6F /* Resources */ = {
			isa = PBXResourcesBuildPhase;
			buildActionMask = 2147483647;
			files = (
			);
			runOnlyForDeploymentPostprocessing = 0;
		};
		CEBB06E228244EF300C17E6F /* Resources */ = {
			isa = PBXResourcesBuildPhase;
			buildActionMask = 2147483647;
			files = (
			);
			runOnlyForDeploymentPostprocessing = 0;
		};
/* End PBXResourcesBuildPhase section */

/* Begin PBXSourcesBuildPhase section */
		CE57231E283294C600C62119 /* Sources */ = {
			isa = PBXSourcesBuildPhase;
			buildActionMask = 2147483647;
			files = (
			);
			runOnlyForDeploymentPostprocessing = 0;
		};
		CE572325283294C700C62119 /* Sources */ = {
			isa = PBXSourcesBuildPhase;
			buildActionMask = 2147483647;
			files = (
				CE57232F283294C700C62119 /* AlamoFireAdapterTests.swift in Sources */,
			);
			runOnlyForDeploymentPostprocessing = 0;
		};
		CEBB06C7282449AC00C17E6F /* Sources */ = {
			isa = PBXSourcesBuildPhase;
			buildActionMask = 2147483647;
			files = (
				CEBB06F92824815400C17E6F /* Model.swift in Sources */,
				CEBB06D528244D1A00C17E6F /* AddAccount.swift in Sources */,
				CEBB07062825BE6100C17E6F /* DomainErrors.swift in Sources */,
				CEBB06D728244EA900C17E6F /* AccountModel.swift in Sources */,
			);
			runOnlyForDeploymentPostprocessing = 0;
		};
		CEBB06D928244EF300C17E6F /* Sources */ = {
			isa = PBXSourcesBuildPhase;
			buildActionMask = 2147483647;
			files = (
				CEBB06FD2824838B00C17E6F /* HttpsPostClient.swift in Sources */,
				CEF8483C282D8FA200B45637 /* ExtensionHelpers.swift in Sources */,
				CEBB07082825C17500C17E6F /* HttpError.swift in Sources */,
				CEBB06FB2824832900C17E6F /* RemoteAddAccount.swift in Sources */,
			);
			runOnlyForDeploymentPostprocessing = 0;
		};
		CEBB06E028244EF300C17E6F /* Sources */ = {
			isa = PBXSourcesBuildPhase;
			buildActionMask = 2147483647;
			files = (
				CE125C81282EEF14007BB100 /* TestFactories.swift in Sources */,
				CE125C84282EEFA0007BB100 /* HttpClientSpy.swift in Sources */,
				CE125C7F282EEEBF007BB100 /* TestExtensions.swift in Sources */,
				CE125C86282EEFF5007BB100 /* AccountModelFactory.swift in Sources */,
				CEBB06EA28244EF300C17E6F /* RemoteAddAccountTests.swift in Sources */,
			);
			runOnlyForDeploymentPostprocessing = 0;
		};
/* End PBXSourcesBuildPhase section */

/* Begin PBXTargetDependency section */
		CE57232C283294C700C62119 /* PBXTargetDependency */ = {
			isa = PBXTargetDependency;
			target = CE572321283294C600C62119 /* infra */;
			targetProxy = CE57232B283294C700C62119 /* PBXContainerItemProxy */;
		};
		CEBB06E728244EF300C17E6F /* PBXTargetDependency */ = {
			isa = PBXTargetDependency;
			target = CEBB06DC28244EF300C17E6F /* Data */;
			targetProxy = CEBB06E628244EF300C17E6F /* PBXContainerItemProxy */;
		};
		CEBB06F62824515900C17E6F /* PBXTargetDependency */ = {
			isa = PBXTargetDependency;
			target = CEBB06CA282449AC00C17E6F /* Domain */;
			targetProxy = CEBB06F52824515900C17E6F /* PBXContainerItemProxy */;
		};
/* End PBXTargetDependency section */

/* Begin XCBuildConfiguration section */
		CE572331283294C700C62119 /* Debug */ = {
			isa = XCBuildConfiguration;
			buildSettings = {
				CODE_SIGN_STYLE = Automatic;
				COMBINE_HIDPI_IMAGES = YES;
				CURRENT_PROJECT_VERSION = 1;
				DEFINES_MODULE = YES;
				DYLIB_COMPATIBILITY_VERSION = 1;
				DYLIB_CURRENT_VERSION = 1;
				DYLIB_INSTALL_NAME_BASE = "@rpath";
				GENERATE_INFOPLIST_FILE = YES;
				INFOPLIST_KEY_NSHumanReadableCopyright = "";
				INSTALL_PATH = "$(LOCAL_LIBRARY_DIR)/Frameworks";
				LD_RUNPATH_SEARCH_PATHS = (
					"$(inherited)",
					"@executable_path/../Frameworks",
					"@loader_path/Frameworks",
				);
				MACOSX_DEPLOYMENT_TARGET = 12.3;
				MARKETING_VERSION = 1.0;
				PRODUCT_BUNDLE_IDENTIFIER = Ryan.infra;
				PRODUCT_NAME = "$(TARGET_NAME:c99extidentifier)";
				SDKROOT = macosx;
				SKIP_INSTALL = YES;
				SWIFT_EMIT_LOC_STRINGS = YES;
				SWIFT_VERSION = 5.0;
			};
			name = Debug;
		};
		CE572332283294C700C62119 /* Release */ = {
			isa = XCBuildConfiguration;
			buildSettings = {
				CODE_SIGN_STYLE = Automatic;
				COMBINE_HIDPI_IMAGES = YES;
				CURRENT_PROJECT_VERSION = 1;
				DEFINES_MODULE = YES;
				DYLIB_COMPATIBILITY_VERSION = 1;
				DYLIB_CURRENT_VERSION = 1;
				DYLIB_INSTALL_NAME_BASE = "@rpath";
				GENERATE_INFOPLIST_FILE = YES;
				INFOPLIST_KEY_NSHumanReadableCopyright = "";
				INSTALL_PATH = "$(LOCAL_LIBRARY_DIR)/Frameworks";
				LD_RUNPATH_SEARCH_PATHS = (
					"$(inherited)",
					"@executable_path/../Frameworks",
					"@loader_path/Frameworks",
				);
				MACOSX_DEPLOYMENT_TARGET = 12.3;
				MARKETING_VERSION = 1.0;
				PRODUCT_BUNDLE_IDENTIFIER = Ryan.infra;
				PRODUCT_NAME = "$(TARGET_NAME:c99extidentifier)";
				SDKROOT = macosx;
				SKIP_INSTALL = YES;
				SWIFT_EMIT_LOC_STRINGS = YES;
				SWIFT_VERSION = 5.0;
			};
			name = Release;
		};
		CE572333283294C700C62119 /* Debug */ = {
			isa = XCBuildConfiguration;
			buildSettings = {
				CODE_SIGN_STYLE = Automatic;
				CURRENT_PROJECT_VERSION = 1;
				GENERATE_INFOPLIST_FILE = YES;
				MACOSX_DEPLOYMENT_TARGET = 12.3;
				MARKETING_VERSION = 1.0;
				PRODUCT_BUNDLE_IDENTIFIER = Ryan.infraTests;
				PRODUCT_NAME = "$(TARGET_NAME)";
				SDKROOT = macosx;
				SWIFT_EMIT_LOC_STRINGS = NO;
				SWIFT_VERSION = 5.0;
			};
			name = Debug;
		};
		CE572334283294C700C62119 /* Release */ = {
			isa = XCBuildConfiguration;
			buildSettings = {
				CODE_SIGN_STYLE = Automatic;
				CURRENT_PROJECT_VERSION = 1;
				GENERATE_INFOPLIST_FILE = YES;
				MACOSX_DEPLOYMENT_TARGET = 12.3;
				MARKETING_VERSION = 1.0;
				PRODUCT_BUNDLE_IDENTIFIER = Ryan.infraTests;
				PRODUCT_NAME = "$(TARGET_NAME)";
				SDKROOT = macosx;
				SWIFT_EMIT_LOC_STRINGS = NO;
				SWIFT_VERSION = 5.0;
			};
			name = Release;
		};
		CEBB06C128242AF800C17E6F /* Debug */ = {
			isa = XCBuildConfiguration;
			buildSettings = {
				ALWAYS_SEARCH_USER_PATHS = NO;
				CLANG_ANALYZER_NONNULL = YES;
				CLANG_ANALYZER_NUMBER_OBJECT_CONVERSION = YES_AGGRESSIVE;
				CLANG_CXX_LANGUAGE_STANDARD = "gnu++17";
				CLANG_ENABLE_MODULES = YES;
				CLANG_ENABLE_OBJC_ARC = YES;
				CLANG_ENABLE_OBJC_WEAK = YES;
				CLANG_WARN_BLOCK_CAPTURE_AUTORELEASING = YES;
				CLANG_WARN_BOOL_CONVERSION = YES;
				CLANG_WARN_COMMA = YES;
				CLANG_WARN_CONSTANT_CONVERSION = YES;
				CLANG_WARN_DEPRECATED_OBJC_IMPLEMENTATIONS = YES;
				CLANG_WARN_DIRECT_OBJC_ISA_USAGE = YES_ERROR;
				CLANG_WARN_DOCUMENTATION_COMMENTS = YES;
				CLANG_WARN_EMPTY_BODY = YES;
				CLANG_WARN_ENUM_CONVERSION = YES;
				CLANG_WARN_INFINITE_RECURSION = YES;
				CLANG_WARN_INT_CONVERSION = YES;
				CLANG_WARN_NON_LITERAL_NULL_CONVERSION = YES;
				CLANG_WARN_OBJC_IMPLICIT_RETAIN_SELF = YES;
				CLANG_WARN_OBJC_LITERAL_CONVERSION = YES;
				CLANG_WARN_OBJC_ROOT_CLASS = YES_ERROR;
				CLANG_WARN_QUOTED_INCLUDE_IN_FRAMEWORK_HEADER = YES;
				CLANG_WARN_RANGE_LOOP_ANALYSIS = YES;
				CLANG_WARN_STRICT_PROTOTYPES = YES;
				CLANG_WARN_SUSPICIOUS_MOVE = YES;
				CLANG_WARN_UNGUARDED_AVAILABILITY = YES_AGGRESSIVE;
				CLANG_WARN_UNREACHABLE_CODE = YES;
				CLANG_WARN__DUPLICATE_METHOD_MATCH = YES;
				COPY_PHASE_STRIP = NO;
				CURRENT_PROJECT_VERSION = 1;
				DEBUG_INFORMATION_FORMAT = dwarf;
				ENABLE_STRICT_OBJC_MSGSEND = YES;
				ENABLE_TESTABILITY = YES;
				GCC_C_LANGUAGE_STANDARD = gnu11;
				GCC_DYNAMIC_NO_PIC = NO;
				GCC_NO_COMMON_BLOCKS = YES;
				GCC_OPTIMIZATION_LEVEL = 0;
				GCC_PREPROCESSOR_DEFINITIONS = (
					"DEBUG=1",
					"$(inherited)",
				);
				GCC_WARN_64_TO_32_BIT_CONVERSION = YES;
				GCC_WARN_ABOUT_RETURN_TYPE = YES_ERROR;
				GCC_WARN_UNDECLARED_SELECTOR = YES;
				GCC_WARN_UNINITIALIZED_AUTOS = YES_AGGRESSIVE;
				GCC_WARN_UNUSED_FUNCTION = YES;
				GCC_WARN_UNUSED_VARIABLE = YES;
				IPHONEOS_DEPLOYMENT_TARGET = 15.4;
				MTL_ENABLE_DEBUG_INFO = INCLUDE_SOURCE;
				MTL_FAST_MATH = YES;
				ONLY_ACTIVE_ARCH = YES;
				SDKROOT = iphoneos;
				SWIFT_ACTIVE_COMPILATION_CONDITIONS = DEBUG;
				SWIFT_OPTIMIZATION_LEVEL = "-Onone";
				VERSIONING_SYSTEM = "apple-generic";
				VERSION_INFO_PREFIX = "";
			};
			name = Debug;
		};
		CEBB06C228242AF800C17E6F /* Release */ = {
			isa = XCBuildConfiguration;
			buildSettings = {
				ALWAYS_SEARCH_USER_PATHS = NO;
				CLANG_ANALYZER_NONNULL = YES;
				CLANG_ANALYZER_NUMBER_OBJECT_CONVERSION = YES_AGGRESSIVE;
				CLANG_CXX_LANGUAGE_STANDARD = "gnu++17";
				CLANG_ENABLE_MODULES = YES;
				CLANG_ENABLE_OBJC_ARC = YES;
				CLANG_ENABLE_OBJC_WEAK = YES;
				CLANG_WARN_BLOCK_CAPTURE_AUTORELEASING = YES;
				CLANG_WARN_BOOL_CONVERSION = YES;
				CLANG_WARN_COMMA = YES;
				CLANG_WARN_CONSTANT_CONVERSION = YES;
				CLANG_WARN_DEPRECATED_OBJC_IMPLEMENTATIONS = YES;
				CLANG_WARN_DIRECT_OBJC_ISA_USAGE = YES_ERROR;
				CLANG_WARN_DOCUMENTATION_COMMENTS = YES;
				CLANG_WARN_EMPTY_BODY = YES;
				CLANG_WARN_ENUM_CONVERSION = YES;
				CLANG_WARN_INFINITE_RECURSION = YES;
				CLANG_WARN_INT_CONVERSION = YES;
				CLANG_WARN_NON_LITERAL_NULL_CONVERSION = YES;
				CLANG_WARN_OBJC_IMPLICIT_RETAIN_SELF = YES;
				CLANG_WARN_OBJC_LITERAL_CONVERSION = YES;
				CLANG_WARN_OBJC_ROOT_CLASS = YES_ERROR;
				CLANG_WARN_QUOTED_INCLUDE_IN_FRAMEWORK_HEADER = YES;
				CLANG_WARN_RANGE_LOOP_ANALYSIS = YES;
				CLANG_WARN_STRICT_PROTOTYPES = YES;
				CLANG_WARN_SUSPICIOUS_MOVE = YES;
				CLANG_WARN_UNGUARDED_AVAILABILITY = YES_AGGRESSIVE;
				CLANG_WARN_UNREACHABLE_CODE = YES;
				CLANG_WARN__DUPLICATE_METHOD_MATCH = YES;
				COPY_PHASE_STRIP = NO;
				CURRENT_PROJECT_VERSION = 1;
				DEBUG_INFORMATION_FORMAT = "dwarf-with-dsym";
				ENABLE_NS_ASSERTIONS = NO;
				ENABLE_STRICT_OBJC_MSGSEND = YES;
				GCC_C_LANGUAGE_STANDARD = gnu11;
				GCC_NO_COMMON_BLOCKS = YES;
				GCC_WARN_64_TO_32_BIT_CONVERSION = YES;
				GCC_WARN_ABOUT_RETURN_TYPE = YES_ERROR;
				GCC_WARN_UNDECLARED_SELECTOR = YES;
				GCC_WARN_UNINITIALIZED_AUTOS = YES_AGGRESSIVE;
				GCC_WARN_UNUSED_FUNCTION = YES;
				GCC_WARN_UNUSED_VARIABLE = YES;
				IPHONEOS_DEPLOYMENT_TARGET = 15.4;
				MTL_ENABLE_DEBUG_INFO = NO;
				MTL_FAST_MATH = YES;
				SDKROOT = iphoneos;
				SWIFT_COMPILATION_MODE = wholemodule;
				SWIFT_OPTIMIZATION_LEVEL = "-O";
				VALIDATE_PRODUCT = YES;
				VERSIONING_SYSTEM = "apple-generic";
				VERSION_INFO_PREFIX = "";
			};
			name = Release;
		};
		CEBB06D0282449AC00C17E6F /* Debug */ = {
			isa = XCBuildConfiguration;
			buildSettings = {
				CLANG_ENABLE_MODULES = YES;
				CODE_SIGN_STYLE = Automatic;
				COMBINE_HIDPI_IMAGES = YES;
				CURRENT_PROJECT_VERSION = 1;
				DEFINES_MODULE = YES;
				DYLIB_COMPATIBILITY_VERSION = 1;
				DYLIB_CURRENT_VERSION = 1;
				DYLIB_INSTALL_NAME_BASE = "@rpath";
				GENERATE_INFOPLIST_FILE = YES;
				INFOPLIST_KEY_NSHumanReadableCopyright = "";
				INSTALL_PATH = "$(LOCAL_LIBRARY_DIR)/Frameworks";
				LD_RUNPATH_SEARCH_PATHS = (
					"$(inherited)",
					"@executable_path/../Frameworks",
					"@loader_path/Frameworks",
				);
				MACOSX_DEPLOYMENT_TARGET = 12.3;
				MARKETING_VERSION = 1.0;
				PRODUCT_BUNDLE_IDENTIFIER = Ryan.Domain;
				PRODUCT_NAME = "$(TARGET_NAME:c99extidentifier)";
				SDKROOT = macosx;
				SKIP_INSTALL = YES;
				SWIFT_EMIT_LOC_STRINGS = YES;
				SWIFT_OPTIMIZATION_LEVEL = "-Onone";
				SWIFT_VERSION = 5.0;
			};
			name = Debug;
		};
		CEBB06D1282449AC00C17E6F /* Release */ = {
			isa = XCBuildConfiguration;
			buildSettings = {
				CLANG_ENABLE_MODULES = YES;
				CODE_SIGN_STYLE = Automatic;
				COMBINE_HIDPI_IMAGES = YES;
				CURRENT_PROJECT_VERSION = 1;
				DEFINES_MODULE = YES;
				DYLIB_COMPATIBILITY_VERSION = 1;
				DYLIB_CURRENT_VERSION = 1;
				DYLIB_INSTALL_NAME_BASE = "@rpath";
				GENERATE_INFOPLIST_FILE = YES;
				INFOPLIST_KEY_NSHumanReadableCopyright = "";
				INSTALL_PATH = "$(LOCAL_LIBRARY_DIR)/Frameworks";
				LD_RUNPATH_SEARCH_PATHS = (
					"$(inherited)",
					"@executable_path/../Frameworks",
					"@loader_path/Frameworks",
				);
				MACOSX_DEPLOYMENT_TARGET = 12.3;
				MARKETING_VERSION = 1.0;
				PRODUCT_BUNDLE_IDENTIFIER = Ryan.Domain;
				PRODUCT_NAME = "$(TARGET_NAME:c99extidentifier)";
				SDKROOT = macosx;
				SKIP_INSTALL = YES;
				SWIFT_EMIT_LOC_STRINGS = YES;
				SWIFT_VERSION = 5.0;
			};
			name = Release;
		};
		CEBB06ED28244EF300C17E6F /* Debug */ = {
			isa = XCBuildConfiguration;
			buildSettings = {
				CLANG_ENABLE_MODULES = YES;
				CODE_SIGN_STYLE = Automatic;
				COMBINE_HIDPI_IMAGES = YES;
				CURRENT_PROJECT_VERSION = 1;
				DEFINES_MODULE = YES;
				DYLIB_COMPATIBILITY_VERSION = 1;
				DYLIB_CURRENT_VERSION = 1;
				DYLIB_INSTALL_NAME_BASE = "@rpath";
				GENERATE_INFOPLIST_FILE = YES;
				INFOPLIST_KEY_NSHumanReadableCopyright = "";
				INSTALL_PATH = "$(LOCAL_LIBRARY_DIR)/Frameworks";
				LD_RUNPATH_SEARCH_PATHS = (
					"$(inherited)",
					"@executable_path/../Frameworks",
					"@loader_path/Frameworks",
				);
				MACOSX_DEPLOYMENT_TARGET = 12.3;
				MARKETING_VERSION = 1.0;
				PRODUCT_BUNDLE_IDENTIFIER = Ryan.Data;
				PRODUCT_NAME = "$(TARGET_NAME:c99extidentifier)";
				SDKROOT = macosx;
				SKIP_INSTALL = YES;
				SWIFT_EMIT_LOC_STRINGS = YES;
				SWIFT_OPTIMIZATION_LEVEL = "-Onone";
				SWIFT_VERSION = 5.0;
			};
			name = Debug;
		};
		CEBB06EE28244EF300C17E6F /* Release */ = {
			isa = XCBuildConfiguration;
			buildSettings = {
				CLANG_ENABLE_MODULES = YES;
				CODE_SIGN_STYLE = Automatic;
				COMBINE_HIDPI_IMAGES = YES;
				CURRENT_PROJECT_VERSION = 1;
				DEFINES_MODULE = YES;
				DYLIB_COMPATIBILITY_VERSION = 1;
				DYLIB_CURRENT_VERSION = 1;
				DYLIB_INSTALL_NAME_BASE = "@rpath";
				GENERATE_INFOPLIST_FILE = YES;
				INFOPLIST_KEY_NSHumanReadableCopyright = "";
				INSTALL_PATH = "$(LOCAL_LIBRARY_DIR)/Frameworks";
				LD_RUNPATH_SEARCH_PATHS = (
					"$(inherited)",
					"@executable_path/../Frameworks",
					"@loader_path/Frameworks",
				);
				MACOSX_DEPLOYMENT_TARGET = 12.3;
				MARKETING_VERSION = 1.0;
				PRODUCT_BUNDLE_IDENTIFIER = Ryan.Data;
				PRODUCT_NAME = "$(TARGET_NAME:c99extidentifier)";
				SDKROOT = macosx;
				SKIP_INSTALL = YES;
				SWIFT_EMIT_LOC_STRINGS = YES;
				SWIFT_VERSION = 5.0;
			};
			name = Release;
		};
		CEBB06F028244EF300C17E6F /* Debug */ = {
			isa = XCBuildConfiguration;
			buildSettings = {
				ALWAYS_EMBED_SWIFT_STANDARD_LIBRARIES = YES;
				CODE_SIGN_STYLE = Automatic;
				CURRENT_PROJECT_VERSION = 1;
				GENERATE_INFOPLIST_FILE = YES;
				MACOSX_DEPLOYMENT_TARGET = 12.3;
				MARKETING_VERSION = 1.0;
				PRODUCT_BUNDLE_IDENTIFIER = Ryan.DataTests;
				PRODUCT_NAME = "$(TARGET_NAME)";
				SDKROOT = macosx;
				SWIFT_EMIT_LOC_STRINGS = NO;
				SWIFT_VERSION = 5.0;
			};
			name = Debug;
		};
		CEBB06F128244EF300C17E6F /* Release */ = {
			isa = XCBuildConfiguration;
			buildSettings = {
				ALWAYS_EMBED_SWIFT_STANDARD_LIBRARIES = YES;
				CODE_SIGN_STYLE = Automatic;
				CURRENT_PROJECT_VERSION = 1;
				GENERATE_INFOPLIST_FILE = YES;
				MACOSX_DEPLOYMENT_TARGET = 12.3;
				MARKETING_VERSION = 1.0;
				PRODUCT_BUNDLE_IDENTIFIER = Ryan.DataTests;
				PRODUCT_NAME = "$(TARGET_NAME)";
				SDKROOT = macosx;
				SWIFT_EMIT_LOC_STRINGS = NO;
				SWIFT_VERSION = 5.0;
			};
			name = Release;
		};
/* End XCBuildConfiguration section */

/* Begin XCConfigurationList section */
		CE572335283294C700C62119 /* Build configuration list for PBXNativeTarget "infra" */ = {
			isa = XCConfigurationList;
			buildConfigurations = (
				CE572331283294C700C62119 /* Debug */,
				CE572332283294C700C62119 /* Release */,
			);
			defaultConfigurationIsVisible = 0;
			defaultConfigurationName = Release;
		};
		CE572336283294C700C62119 /* Build configuration list for PBXNativeTarget "infraTests" */ = {
			isa = XCConfigurationList;
			buildConfigurations = (
				CE572333283294C700C62119 /* Debug */,
				CE572334283294C700C62119 /* Release */,
			);
			defaultConfigurationIsVisible = 0;
			defaultConfigurationName = Release;
		};
		CEBB06B628242AF800C17E6F /* Build configuration list for PBXProject "CleanApp" */ = {
			isa = XCConfigurationList;
			buildConfigurations = (
				CEBB06C128242AF800C17E6F /* Debug */,
				CEBB06C228242AF800C17E6F /* Release */,
			);
			defaultConfigurationIsVisible = 0;
			defaultConfigurationName = Release;
		};
		CEBB06CF282449AC00C17E6F /* Build configuration list for PBXNativeTarget "Domain" */ = {
			isa = XCConfigurationList;
			buildConfigurations = (
				CEBB06D0282449AC00C17E6F /* Debug */,
				CEBB06D1282449AC00C17E6F /* Release */,
			);
			defaultConfigurationIsVisible = 0;
			defaultConfigurationName = Release;
		};
		CEBB06EC28244EF300C17E6F /* Build configuration list for PBXNativeTarget "Data" */ = {
			isa = XCConfigurationList;
			buildConfigurations = (
				CEBB06ED28244EF300C17E6F /* Debug */,
				CEBB06EE28244EF300C17E6F /* Release */,
			);
			defaultConfigurationIsVisible = 0;
			defaultConfigurationName = Release;
		};
		CEBB06EF28244EF300C17E6F /* Build configuration list for PBXNativeTarget "DataTests" */ = {
			isa = XCConfigurationList;
			buildConfigurations = (
				CEBB06F028244EF300C17E6F /* Debug */,
				CEBB06F128244EF300C17E6F /* Release */,
			);
			defaultConfigurationIsVisible = 0;
			defaultConfigurationName = Release;
		};
/* End XCConfigurationList section */
	};
	rootObject = CEBB06B328242AF800C17E6F /* Project object */;
}
